
Microsoft Visual Studio Solution File, Format Version 12.00
# Visual Studio Version 16
VisualStudioVersion = 16.0.29503.13
MinimumVisualStudioVersion = 10.0.40219.1
Project("{FAE04EC0-301F-11D3-BF4B-00C04F79EFBC}") = "DbComparerApp", "DbComparerApp\DbComparerApp.csproj", "{48410B7B-A77A-449B-A5BC-D2F454CB849F}"
EndProject
Project("{FAE04EC0-301F-11D3-BF4B-00C04F79EFBC}") = "DbComparer", "DbComparer\DbComparer.csproj", "{2F9151F7-4522-48CA-8B9C-4B22D04634C7}"
EndProject
Global
	GlobalSection(SolutionConfigurationPlatforms) = preSolution
		Debug|Any CPU = Debug|Any CPU
		Debug|x64 = Debug|x64
		Release|Any CPU = Release|Any CPU
		Release|x64 = Release|x64
	EndGlobalSection
	GlobalSection(ProjectConfigurationPlatforms) = postSolution
		{48410B7B-A77A-449B-A5BC-D2F454CB849F}.Debug|Any CPU.ActiveCfg = Debug|Any CPU
		{48410B7B-A77A-449B-A5BC-D2F454CB849F}.Debug|Any CPU.Build.0 = Debug|Any CPU
		{48410B7B-A77A-449B-A5BC-D2F454CB849F}.Debug|x64.ActiveCfg = Debug|x64
		{48410B7B-A77A-449B-A5BC-D2F454CB849F}.Debug|x64.Build.0 = Debug|x64
		{48410B7B-A77A-449B-A5BC-D2F454CB849F}.Release|Any CPU.ActiveCfg = Release|Any CPU
		{48410B7B-A77A-449B-A5BC-D2F454CB849F}.Release|Any CPU.Build.0 = Release|Any CPU
		{48410B7B-A77A-449B-A5BC-D2F454CB849F}.Release|x64.ActiveCfg = Release|x64
		{48410B7B-A77A-449B-A5BC-D2F454CB849F}.Release|x64.Build.0 = Release|x64
		{2F9151F7-4522-48CA-8B9C-4B22D04634C7}.Debug|Any CPU.ActiveCfg = Debug|Any CPU
		{2F9151F7-4522-48CA-8B9C-4B22D04634C7}.Debug|Any CPU.Build.0 = Debug|Any CPU
		{2F9151F7-4522-48CA-8B9C-4B22D04634C7}.Debug|x64.ActiveCfg = Debug|Any CPU
		{2F9151F7-4522-48CA-8B9C-4B22D04634C7}.Debug|x64.Build.0 = Debug|Any CPU
		{2F9151F7-4522-48CA-8B9C-4B22D04634C7}.Release|Any CPU.ActiveCfg = Release|Any CPU
		{2F9151F7-4522-48CA-8B9C-4B22D04634C7}.Release|Any CPU.Build.0 = Release|Any CPU
		{2F9151F7-4522-48CA-8B9C-4B22D04634C7}.Release|x64.ActiveCfg = Release|Any CPU
		{2F9151F7-4522-48CA-8B9C-4B22D04634C7}.Release|x64.Build.0 = Release|Any CPU
	EndGlobalSection
	GlobalSection(SolutionProperties) = preSolution
		HideSolutionNode = FALSE
	EndGlobalSection
	GlobalSection(ExtensibilityGlobals) = postSolution
		SolutionGuid = {2F1E8A08-C1F2-43FE-A08D-46DB988420AF}
	EndGlobalSection
EndGlobal
